
Microsoft Visual Studio Solution File, Format Version 12.00
# Visual Studio Version 16
VisualStudioVersion = 16.0.31911.196
MinimumVisualStudioVersion = 10.0.40219.1
Project("{FAE04EC0-301F-11D3-BF4B-00C04F79EFBC}") = "mod09API", "mod09API\mod09API.csproj", "{67A9FCFA-6F8C-4896-B71B-7BD68FFDE600}"
EndProject
Global
	GlobalSection(SolutionConfigurationPlatforms) = preSolution
		Debug|Any CPU = Debug|Any CPU
		Release|Any CPU = Release|Any CPU
	EndGlobalSection
	GlobalSection(ProjectConfigurationPlatforms) = postSolution
		{67A9FCFA-6F8C-4896-B71B-7BD68FFDE600}.Debug|Any CPU.ActiveCfg = Debug|Any CPU
		{67A9FCFA-6F8C-4896-B71B-7BD68FFDE600}.Debug|Any CPU.Build.0 = Debug|Any CPU
		{67A9FCFA-6F8C-4896-B71B-7BD68FFDE600}.Release|Any CPU.ActiveCfg = Release|Any CPU
		{67A9FCFA-6F8C-4896-B71B-7BD68FFDE600}.Release|Any CPU.Build.0 = Release|Any CPU
	EndGlobalSection
	GlobalSection(SolutionProperties) = preSolution
		HideSolutionNode = FALSE
	EndGlobalSection
	GlobalSection(ExtensibilityGlobals) = postSolution
		SolutionGuid = {58744BEE-91AB-4A84-A14B-D92C9274CAC8}
	EndGlobalSection
EndGlobal
